
Microsoft Visual Studio Solution File, Format Version 12.00
# Visual Studio Version 16
VisualStudioVersion = 16.0.30804.86
MinimumVisualStudioVersion = 10.0.40219.1
Project("{FAE04EC0-301F-11D3-BF4B-00C04F79EFBC}") = "ArchiLogi.TP", "ArchiLogi.TP\ArchiLogi.TP.csproj", "{68D50EFB-CDC6-4E62-9787-D38F745A0391}"
EndProject
Global
	GlobalSection(SolutionConfigurationPlatforms) = preSolution
		Debug|Any CPU = Debug|Any CPU
		Release|Any CPU = Release|Any CPU
	EndGlobalSection
	GlobalSection(ProjectConfigurationPlatforms) = postSolution
		{68D50EFB-CDC6-4E62-9787-D38F745A0391}.Debug|Any CPU.ActiveCfg = Debug|Any CPU
		{68D50EFB-CDC6-4E62-9787-D38F745A0391}.Debug|Any CPU.Build.0 = Debug|Any CPU
		{68D50EFB-CDC6-4E62-9787-D38F745A0391}.Release|Any CPU.ActiveCfg = Release|Any CPU
		{68D50EFB-CDC6-4E62-9787-D38F745A0391}.Release|Any CPU.Build.0 = Release|Any CPU
	EndGlobalSection
	GlobalSection(SolutionProperties) = preSolution
		HideSolutionNode = FALSE
	EndGlobalSection
	GlobalSection(ExtensibilityGlobals) = postSolution
		SolutionGuid = {70BB8301-CF49-45B9-A386-EDA0F7873B94}
	EndGlobalSection
EndGlobal
